
Microsoft Visual Studio Solution File, Format Version 12.00
# Visual Studio Version 17
VisualStudioVersion = 17.9.34728.123
MinimumVisualStudioVersion = 10.0.40219.1
Project("{FAE04EC0-301F-11D3-BF4B-00C04F79EFBC}") = "SC4PackMan", "SC4PackMan.csproj", "{5D0B68DF-697B-4E11-B4FB-62D2FFDDFC23}"
EndProject
Project("{9A19103F-16F7-4668-BE54-9A1E7A4F7556}") = "YamlEditorForSc4pac", "YamlEditorForSc4pac.csproj", "{5A056730-4973-4866-92AD-28E043FB0F1F}"
EndProject
Global
	GlobalSection(SolutionConfigurationPlatforms) = preSolution
		Debug|Any CPU = Debug|Any CPU
		Release|Any CPU = Release|Any CPU
	EndGlobalSection
	GlobalSection(ProjectConfigurationPlatforms) = postSolution
		{5D0B68DF-697B-4E11-B4FB-62D2FFDDFC23}.Debug|Any CPU.ActiveCfg = Debug|Any CPU
		{5D0B68DF-697B-4E11-B4FB-62D2FFDDFC23}.Debug|Any CPU.Build.0 = Debug|Any CPU
		{5D0B68DF-697B-4E11-B4FB-62D2FFDDFC23}.Release|Any CPU.ActiveCfg = Release|Any CPU
		{5D0B68DF-697B-4E11-B4FB-62D2FFDDFC23}.Release|Any CPU.Build.0 = Release|Any CPU
		{5A056730-4973-4866-92AD-28E043FB0F1F}.Debug|Any CPU.ActiveCfg = Debug|Any CPU
		{5A056730-4973-4866-92AD-28E043FB0F1F}.Debug|Any CPU.Build.0 = Debug|Any CPU
		{5A056730-4973-4866-92AD-28E043FB0F1F}.Release|Any CPU.ActiveCfg = Release|Any CPU
		{5A056730-4973-4866-92AD-28E043FB0F1F}.Release|Any CPU.Build.0 = Release|Any CPU
	EndGlobalSection
	GlobalSection(SolutionProperties) = preSolution
		HideSolutionNode = FALSE
	EndGlobalSection
	GlobalSection(ExtensibilityGlobals) = postSolution
		SolutionGuid = {FC919023-888A-4985-B7C9-3E4111D55EFC}
	EndGlobalSection
EndGlobal
